{
    "_readme": [
        "This file locks the dependencies of your project to a known state",
        "Read more about it at https://getcomposer.org/doc/01-basic-usage.md#installing-dependencies",
        "This file is @generated automatically"
    ],
    "content-hash": "11b4750630b9029ea73014fa82e19632",
    "packages": [
        {
            "name": "dissolve/single-emoji-recognizer",
            "version": "1.0.0",
            "source": {
                "type": "git",
                "url": "https://github.com/dissolve/single-emoji-recognizer.git",
                "reference": "aef5f2eb85c83ba204d788aa5357bf13c1b9e5a0"
            },
            "dist": {
                "type": "zip",
                "url": "https://api.github.com/repos/dissolve/single-emoji-recognizer/zipball/aef5f2eb85c83ba204d788aa5357bf13c1b9e5a0",
                "reference": "aef5f2eb85c83ba204d788aa5357bf13c1b9e5a0",
                "shasum": ""
            },
            "type": "library",
            "autoload": {
                "files": [
                    "src/emoji.php"
                ]
            },
            "notification-url": "https://packagist.org/downloads/",
            "license": [
                "CC0-1.0"
            ],
            "authors": [
                {
                    "name": "Ben Roberts",
                    "homepage": "https://ben.thatmustbe.me/"
                }
            ],
            "description": "Determine if a string is a 'Single' Emoji",
            "time": "2016-05-30T05:12:40+00:00"
        },
        {
            "name": "indieauth/client",
            "version": "0.5.2",
            "source": {
                "type": "git",
                "url": "https://github.com/indieweb/indieauth-client-php.git",
                "reference": "22d40430b3a93e48c52ca71da718241293e9feac"
            },
            "dist": {
                "type": "zip",
                "url": "https://api.github.com/repos/indieweb/indieauth-client-php/zipball/22d40430b3a93e48c52ca71da718241293e9feac",
                "reference": "22d40430b3a93e48c52ca71da718241293e9feac",
                "shasum": ""
            },
            "require": {
                "indieweb/representative-h-card": "^0.1.2",
                "mf2/mf2": ">=0.3.2",
                "p3k/http": ">=0.1.6",
                "php": ">5.3.0"
            },
            "require-dev": {
                "phpunit/phpunit": "4.8.*"
            },
            "type": "library",
            "autoload": {
                "psr-0": {
                    "IndieAuth": "src/"
                }
            },
            "notification-url": "https://packagist.org/downloads/",
            "license": [
                "Apache-2.0"
            ],
            "authors": [
                {
                    "name": "Aaron Parecki",
                    "homepage": "https://aaronparecki.com"
                }
            ],
            "description": "IndieAuth Client Library",
            "time": "2019-05-12T20:24:13+00:00"
        },
        {
            "name": "indieweb/link-rel-parser",
            "version": "0.1.3",
            "source": {
                "type": "git",
                "url": "https://github.com/indieweb/link-rel-parser-php.git",
                "reference": "295420e4f16d9a9d262a3c25a7a583794428f055"
            },
            "dist": {
                "type": "zip",
                "url": "https://api.github.com/repos/indieweb/link-rel-parser-php/zipball/295420e4f16d9a9d262a3c25a7a583794428f055",
                "reference": "295420e4f16d9a9d262a3c25a7a583794428f055",
                "shasum": ""
            },
            "require": {
                "php": ">=5.3.0"
            },
            "type": "library",
            "autoload": {
                "files": [
                    "src/IndieWeb/link_rel_parser.php"
                ]
            },
            "notification-url": "https://packagist.org/downloads/",
            "license": [
                "Apache-2.0"
            ],
            "authors": [
                {
                    "name": "Aaron Parecki",
                    "homepage": "http://aaronparecki.com"
                },
                {
                    "name": "Tantek Çelik",
                    "homepage": "http://tantek.com"
                }
            ],
            "description": "Parse rel values from HTTP headers",
            "homepage": "https://github.com/indieweb/link-rel-parser-php",
            "keywords": [
                "http",
                "indieweb",
                "microformats2"
            ],
            "time": "2017-01-11T17:14:49+00:00"
        },
        {
            "name": "indieweb/mention-client",
            "version": "1.2.0",
            "source": {
                "type": "git",
                "url": "https://github.com/indieweb/mention-client-php.git",
                "reference": "12e3dc4b3f8f9ae82fa7a3953792bea33f59118a"
            },
            "dist": {
                "type": "zip",
                "url": "https://api.github.com/repos/indieweb/mention-client-php/zipball/12e3dc4b3f8f9ae82fa7a3953792bea33f59118a",
                "reference": "12e3dc4b3f8f9ae82fa7a3953792bea33f59118a",
                "shasum": ""
            },
            "require": {
                "mf2/mf2": ">=0.2",
                "php": ">=5.4"
            },
            "require-dev": {
                "phpunit/phpunit": "4.8.*"
            },
            "type": "library",
            "autoload": {
                "psr-0": {
                    "IndieWeb": "src/"
                }
            },
            "notification-url": "https://packagist.org/downloads/",
            "license": [
                "Apache-2.0"
            ],
            "authors": [
                {
                    "name": "Aaron Parecki",
                    "email": "aaron@parecki.com",
                    "homepage": "http://aaronparecki.com/"
                }
            ],
            "description": "Client library for sending webmention and pingback notifications",
            "homepage": "https://github.com/indieweb/mention-client-php",
            "time": "2018-10-27T19:41:41+00:00"
        },
        {
            "name": "indieweb/representative-h-card",
            "version": "0.1.2",
            "source": {
                "type": "git",
                "url": "https://github.com/indieweb/representative-h-card-php.git",
                "reference": "b70b01bd0dd7f2a940602137335dbf46ab6e2e38"
            },
            "dist": {
                "type": "zip",
                "url": "https://api.github.com/repos/indieweb/representative-h-card-php/zipball/b70b01bd0dd7f2a940602137335dbf46ab6e2e38",
                "reference": "b70b01bd0dd7f2a940602137335dbf46ab6e2e38",
                "shasum": ""
            },
            "require": {
                "php": ">=5.4"
            },
            "require-dev": {
                "mf2/mf2": "0.2.*",
                "phpunit/phpunit": "*"
            },
            "type": "library",
            "autoload": {
                "files": [
                    "src/mf2/representative-h-card.php"
                ]
            },
            "notification-url": "https://packagist.org/downloads/",
            "license": [
                "Apache-2.0"
            ],
            "authors": [
                {
                    "name": "Aaron Parecki",
                    "homepage": "http://aaronparecki.com"
                }
            ],
            "keywords": [
                "h-card",
                "indieweb",
                "mf2",
                "microformats"
            ],
            "time": "2015-12-23T18:11:19+00:00"
        },
        {
            "name": "leafo/scssphp",
            "version": "v0.7.7",
            "source": {
                "type": "git",
                "url": "https://github.com/leafo/scssphp.git",
                "reference": "1d656f8c02a3a69404bba6b28ec4e06edddf0f49"
            },
            "dist": {
                "type": "zip",
                "url": "https://api.github.com/repos/leafo/scssphp/zipball/1d656f8c02a3a69404bba6b28ec4e06edddf0f49",
                "reference": "1d656f8c02a3a69404bba6b28ec4e06edddf0f49",
                "shasum": ""
            },
            "require": {
                "php": ">=5.4.0"
            },
            "require-dev": {
                "phpunit/phpunit": "~4.6",
                "squizlabs/php_codesniffer": "~2.5"
            },
            "bin": [
                "bin/pscss"
            ],
            "type": "library",
            "autoload": {
                "psr-4": {
                    "Leafo\\ScssPhp\\": "src/"
                }
            },
            "notification-url": "https://packagist.org/downloads/",
            "license": [
                "MIT"
            ],
            "authors": [
                {
                    "name": "Leaf Corcoran",
                    "email": "leafot@gmail.com",
                    "homepage": "http://leafo.net"
                }
            ],
            "description": "scssphp is a compiler for SCSS written in PHP.",
            "homepage": "http://leafo.github.io/scssphp/",
            "keywords": [
                "css",
                "less",
                "sass",
                "scss",
                "stylesheet"
            ],
            "time": "2018-07-22T01:22:08+00:00"
        },
        {
            "name": "mf2/mf2",
            "version": "0.4.6",
            "source": {
                "type": "git",
                "url": "https://github.com/microformats/php-mf2.git",
                "reference": "00b70ee7eb7f5b0585b1bd467f6c9cbd75055d23"
            },
            "dist": {
                "type": "zip",
                "url": "https://api.github.com/repos/microformats/php-mf2/zipball/00b70ee7eb7f5b0585b1bd467f6c9cbd75055d23",
                "reference": "00b70ee7eb7f5b0585b1bd467f6c9cbd75055d23",
                "shasum": ""
            },
            "require": {
                "php": ">=5.4.0"
            },
            "require-dev": {
                "mf2/tests": "@dev",
                "phpdocumentor/phpdocumentor": "v2.8.4",
                "phpunit/phpunit": "4.8.*"
            },
            "suggest": {
                "barnabywalters/mf-cleaner": "To more easily handle the canonical data php-mf2 gives you",
                "masterminds/html5": "Alternative HTML parser for PHP, for better HTML5 support."
            },
            "bin": [
                "bin/fetch-mf2",
                "bin/parse-mf2"
            ],
            "type": "library",
            "autoload": {
                "files": [
                    "Mf2/Parser.php"
                ]
            },
            "notification-url": "https://packagist.org/downloads/",
            "license": [
                "CC0-1.0"
            ],
            "authors": [
                {
                    "name": "Barnaby Walters",
                    "homepage": "http://waterpigs.co.uk"
                }
            ],
            "description": "A pure, generic microformats2 parser — makes HTML as easy to consume as a JSON API",
            "keywords": [
                "html",
                "microformats",
                "microformats 2",
                "parser",
                "semantic"
            ],
            "time": "2018-08-24T14:47:04+00:00"
        },
        {
            "name": "p3k/http",
            "version": "0.1.8",
            "source": {
                "type": "git",
                "url": "https://github.com/aaronpk/p3k-http.git",
                "reference": "a43977636d7a930080009eddda06994037c88fd7"
            },
            "dist": {
                "type": "zip",
                "url": "https://api.github.com/repos/aaronpk/p3k-http/zipball/a43977636d7a930080009eddda06994037c88fd7",
                "reference": "a43977636d7a930080009eddda06994037c88fd7",
                "shasum": ""
            },
            "require": {
                "indieweb/link-rel-parser": "0.1.*",
                "mf2/mf2": ">=0.3.2"
            },
            "type": "library",
            "autoload": {
                "psr-4": {
                    "p3k\\": "src/p3k"
                }
            },
            "notification-url": "https://packagist.org/downloads/",
            "license": [
                "MIT"
            ],
            "authors": [
                {
                    "name": "Aaron Parecki",
                    "homepage": "https://aaronparecki.com"
                }
            ],
            "description": "A simple wrapper API around the PHP curl functions",
            "homepage": "https://github.com/aaronpk/p3k-http",
            "time": "2019-06-15T20:49:26+00:00"
        },
        {
            "name": "symfony/polyfill-ctype",
            "version": "v1.13.1",
            "source": {
                "type": "git",
                "url": "https://github.com/symfony/polyfill-ctype.git",
                "reference": "f8f0b461be3385e56d6de3dbb5a0df24c0c275e3"
            },
            "dist": {
                "type": "zip",
                "url": "https://api.github.com/repos/symfony/polyfill-ctype/zipball/f8f0b461be3385e56d6de3dbb5a0df24c0c275e3",
                "reference": "f8f0b461be3385e56d6de3dbb5a0df24c0c275e3",
                "shasum": ""
            },
            "require": {
                "php": ">=5.3.3"
            },
            "suggest": {
                "ext-ctype": "For best performance"
            },
            "type": "library",
            "extra": {
                "branch-alias": {
                    "dev-master": "1.13-dev"
                }
            },
            "autoload": {
                "psr-4": {
                    "Symfony\\Polyfill\\Ctype\\": ""
                },
                "files": [
                    "bootstrap.php"
                ]
            },
            "notification-url": "https://packagist.org/downloads/",
            "license": [
                "MIT"
            ],
            "authors": [
                {
                    "name": "Gert de Pagter",
                    "email": "BackEndTea@gmail.com"
                },
                {
                    "name": "Symfony Community",
                    "homepage": "https://symfony.com/contributors"
                }
            ],
            "description": "Symfony polyfill for ctype functions",
            "homepage": "https://symfony.com",
            "keywords": [
                "compatibility",
                "ctype",
                "polyfill",
                "portable"
            ],
            "time": "2019-11-27T13:56:44+00:00"
        },
        {
            "name": "symfony/polyfill-mbstring",
            "version": "v1.13.1",
            "source": {
                "type": "git",
                "url": "https://github.com/symfony/polyfill-mbstring.git",
                "reference": "7b4aab9743c30be783b73de055d24a39cf4b954f"
            },
            "dist": {
                "type": "zip",
                "url": "https://api.github.com/repos/symfony/polyfill-mbstring/zipball/7b4aab9743c30be783b73de055d24a39cf4b954f",
                "reference": "7b4aab9743c30be783b73de055d24a39cf4b954f",
                "shasum": ""
            },
            "require": {
                "php": ">=5.3.3"
            },
            "suggest": {
                "ext-mbstring": "For best performance"
            },
            "type": "library",
            "extra": {
                "branch-alias": {
                    "dev-master": "1.13-dev"
                }
            },
            "autoload": {
                "psr-4": {
                    "Symfony\\Polyfill\\Mbstring\\": ""
                },
                "files": [
                    "bootstrap.php"
                ]
            },
            "notification-url": "https://packagist.org/downloads/",
            "license": [
                "MIT"
            ],
            "authors": [
                {
                    "name": "Nicolas Grekas",
                    "email": "p@tchwork.com"
                },
                {
                    "name": "Symfony Community",
                    "homepage": "https://symfony.com/contributors"
                }
            ],
            "description": "Symfony polyfill for the Mbstring extension",
            "homepage": "https://symfony.com",
            "keywords": [
                "compatibility",
                "mbstring",
                "polyfill",
                "portable",
                "shim"
            ],
            "time": "2019-11-27T14:18:11+00:00"
        },
        {
            "name": "tantek/cassis",
            "version": "v0.2.16895",
            "source": {
                "type": "git",
                "url": "https://github.com/tantek/cassis.git",
                "reference": "357e30ad12017b4d67cac5f4400e8f371cd2f504"
            },
            "dist": {
                "type": "zip",
                "url": "https://api.github.com/repos/tantek/cassis/zipball/357e30ad12017b4d67cac5f4400e8f371cd2f504",
                "reference": "357e30ad12017b4d67cac5f4400e8f371cd2f504",
                "shasum": ""
            },
            "type": "library",
            "autoload": {
                "files": [
                    "cassis.php"
                ]
            },
            "notification-url": "https://packagist.org/downloads/",
            "time": "2016-04-04T15:31:04+00:00"
        },
        {
            "name": "twig/twig",
            "version": "v2.12.2",
            "source": {
                "type": "git",
                "url": "https://github.com/twigphp/Twig.git",
                "reference": "d761fd1f1c6b867ae09a7d8119a6d95d06dc44ed"
            },
            "dist": {
                "type": "zip",
                "url": "https://api.github.com/repos/twigphp/Twig/zipball/d761fd1f1c6b867ae09a7d8119a6d95d06dc44ed",
                "reference": "d761fd1f1c6b867ae09a7d8119a6d95d06dc44ed",
                "shasum": ""
            },
            "require": {
                "php": "^7.0",
                "symfony/polyfill-ctype": "^1.8",
                "symfony/polyfill-mbstring": "^1.3"
            },
            "require-dev": {
                "psr/container": "^1.0",
                "symfony/debug": "^3.4|^4.2",
                "symfony/phpunit-bridge": "^4.4@dev|^5.0"
            },
            "type": "library",
            "extra": {
                "branch-alias": {
                    "dev-master": "2.12-dev"
                }
            },
            "autoload": {
                "psr-0": {
                    "Twig_": "lib/"
                },
                "psr-4": {
                    "Twig\\": "src/"
                }
            },
            "notification-url": "https://packagist.org/downloads/",
            "license": [
                "BSD-3-Clause"
            ],
            "authors": [
                {
                    "name": "Fabien Potencier",
                    "email": "fabien@symfony.com",
                    "homepage": "http://fabien.potencier.org",
                    "role": "Lead Developer"
                },
                {
                    "name": "Twig Team",
                    "homepage": "https://twig.symfony.com/contributors",
                    "role": "Contributors"
                },
                {
                    "name": "Armin Ronacher",
                    "email": "armin.ronacher@active-4.com",
                    "role": "Project Founder"
                }
            ],
            "description": "Twig, the flexible, fast, and secure template language for PHP",
            "homepage": "https://twig.symfony.com",
            "keywords": [
                "templating"
            ],
            "time": "2019-11-11T16:52:09+00:00"
        }
    ],
    "packages-dev": [],
    "aliases": [],
    "minimum-stability": "stable",
    "stability-flags": [],
    "prefer-stable": false,
    "prefer-lowest": false,
    "platform": {
        "php": ">=7.1.0"
    },
    "platform-dev": []
}
