{
  "requires": true,
  "lockfileVersion": 1,
  "dependencies": {
    "canvasjs": {
      "version": "1.8.3",
      "resolved": "https://registry.npmjs.org/canvasjs/-/canvasjs-1.8.3.tgz",
      "integrity": "sha512-60eUT0VjqRgYqdIQcOkXg0Zptfbl4HefA/O51YEf1m/P0uXvE3icI/1KPrXpY9aVxn8gG/BB8DzVoTGCcyBnYg=="
    }
  }
}
